// !$*UTF8*$!
{
	archiveVersion = 1;
	classes = {
	};
	objectVersion = 46;
	objects = {

/* Begin PBXBuildFile section */
		3C0B3A451E3BD756001146B3 /* HeaderCollectionReusableView.m in Sources */ = {isa = PBXBuildFile; fileRef = 3C0B3A441E3BD756001146B3 /* HeaderCollectionReusableView.m */; };
		3C1FDFCC1E39615300DA6CF1 /* LocationObject.m in Sources */ = {isa = PBXBuildFile; fileRef = 3C1FDFCB1E39615300DA6CF1 /* LocationObject.m */; };
		3C1FDFCF1E39615D00DA6CF1 /* CategoryObject.m in Sources */ = {isa = PBXBuildFile; fileRef = 3C1FDFCE1E39615D00DA6CF1 /* CategoryObject.m */; };
		3C98FB421E39207C00C27788 /* main.m in Sources */ = {isa = PBXBuildFile; fileRef = 3C98FB411E39207C00C27788 /* main.m */; };
		3C98FB451E39207C00C27788 /* AppDelegate.m in Sources */ = {isa = PBXBuildFile; fileRef = 3C98FB441E39207C00C27788 /* AppDelegate.m */; };
		3C98FB4B1E39207D00C27788 /* Main.storyboard in Resources */ = {isa = PBXBuildFile; fileRef = 3C98FB491E39207D00C27788 /* Main.storyboard */; };
		3C98FB4D1E39207D00C27788 /* Assets.xcassets in Resources */ = {isa = PBXBuildFile; fileRef = 3C98FB4C1E39207D00C27788 /* Assets.xcassets */; };
		3C98FB501E39207D00C27788 /* LaunchScreen.storyboard in Resources */ = {isa = PBXBuildFile; fileRef = 3C98FB4E1E39207D00C27788 /* LaunchScreen.storyboard */; };
		3C98FB591E3922AE00C27788 /* CollectionViewCell.m in Sources */ = {isa = PBXBuildFile; fileRef = 3C98FB581E3922AE00C27788 /* CollectionViewCell.m */; };
		3C98FB5C1E3922F100C27788 /* CollectionViewController.m in Sources */ = {isa = PBXBuildFile; fileRef = 3C98FB5B1E3922F100C27788 /* CollectionViewController.m */; };
		3C98FB5F1E39285100C27788 /* PhotoObject.m in Sources */ = {isa = PBXBuildFile; fileRef = 3C98FB5E1E39285100C27788 /* PhotoObject.m */; };
		3C98FB621E39292800C27788 /* Manager.m in Sources */ = {isa = PBXBuildFile; fileRef = 3C98FB611E39292800C27788 /* Manager.m */; };
/* End PBXBuildFile section */

/* Begin PBXFileReference section */
		3C0B3A431E3BD756001146B3 /* HeaderCollectionReusableView.h */ = {isa = PBXFileReference; fileEncoding = 4; lastKnownFileType = sourcecode.c.h; path = HeaderCollectionReusableView.h; sourceTree = "<group>"; };
		3C0B3A441E3BD756001146B3 /* HeaderCollectionReusableView.m */ = {isa = PBXFileReference; fileEncoding = 4; lastKnownFileType = sourcecode.c.objc; path = HeaderCollectionReusableView.m; sourceTree = "<group>"; };
		3C1FDFCA1E39615300DA6CF1 /* LocationObject.h */ = {isa = PBXFileReference; fileEncoding = 4; lastKnownFileType = sourcecode.c.h; path = LocationObject.h; sourceTree = "<group>"; };
		3C1FDFCB1E39615300DA6CF1 /* LocationObject.m */ = {isa = PBXFileReference; fileEncoding = 4; lastKnownFileType = sourcecode.c.objc; path = LocationObject.m; sourceTree = "<group>"; };
		3C1FDFCD1E39615D00DA6CF1 /* CategoryObject.h */ = {isa = PBXFileReference; fileEncoding = 4; lastKnownFileType = sourcecode.c.h; name = CategoryObject.h; path = Assets.xcassets/CategoryObject.h; sourceTree = "<group>"; };
		3C1FDFCE1E39615D00DA6CF1 /* CategoryObject.m */ = {isa = PBXFileReference; fileEncoding = 4; lastKnownFileType = sourcecode.c.objc; name = CategoryObject.m; path = Assets.xcassets/CategoryObject.m; sourceTree = "<group>"; };
		3C98FB3D1E39207C00C27788 /* InstaKilo.app */ = {isa = PBXFileReference; explicitFileType = wrapper.application; includeInIndex = 0; path = InstaKilo.app; sourceTree = BUILT_PRODUCTS_DIR; };
		3C98FB411E39207C00C27788 /* main.m */ = {isa = PBXFileReference; lastKnownFileType = sourcecode.c.objc; path = main.m; sourceTree = "<group>"; };
		3C98FB431E39207C00C27788 /* AppDelegate.h */ = {isa = PBXFileReference; lastKnownFileType = sourcecode.c.h; path = AppDelegate.h; sourceTree = "<group>"; };
		3C98FB441E39207C00C27788 /* AppDelegate.m */ = {isa = PBXFileReference; lastKnownFileType = sourcecode.c.objc; path = AppDelegate.m; sourceTree = "<group>"; };
		3C98FB4A1E39207D00C27788 /* Base */ = {isa = PBXFileReference; lastKnownFileType = file.storyboard; name = Base; path = Base.lproj/Main.storyboard; sourceTree = "<group>"; };
		3C98FB4C1E39207D00C27788 /* Assets.xcassets */ = {isa = PBXFileReference; lastKnownFileType = folder.assetcatalog; path = Assets.xcassets; sourceTree = "<group>"; };
		3C98FB4F1E39207D00C27788 /* Base */ = {isa = PBXFileReference; lastKnownFileType = file.storyboard; name = Base; path = Base.lproj/LaunchScreen.storyboard; sourceTree = "<group>"; };
		3C98FB511E39207D00C27788 /* Info.plist */ = {isa = PBXFileReference; lastKnownFileType = text.plist.xml; path = Info.plist; sourceTree = "<group>"; };
		3C98FB571E3922AE00C27788 /* CollectionViewCell.h */ = {isa = PBXFileReference; fileEncoding = 4; lastKnownFileType = sourcecode.c.h; path = CollectionViewCell.h; sourceTree = "<group>"; };
		3C98FB581E3922AE00C27788 /* CollectionViewCell.m */ = {isa = PBXFileReference; fileEncoding = 4; lastKnownFileType = sourcecode.c.objc; path = CollectionViewCell.m; sourceTree = "<group>"; };
		3C98FB5A1E3922F100C27788 /* CollectionViewController.h */ = {isa = PBXFileReference; fileEncoding = 4; lastKnownFileType = sourcecode.c.h; path = CollectionViewController.h; sourceTree = "<group>"; };
		3C98FB5B1E3922F100C27788 /* CollectionViewController.m */ = {isa = PBXFileReference; fileEncoding = 4; lastKnownFileType = sourcecode.c.objc; path = CollectionViewController.m; sourceTree = "<group>"; };
		3C98FB5D1E39285100C27788 /* PhotoObject.h */ = {isa = PBXFileReference; fileEncoding = 4; lastKnownFileType = sourcecode.c.h; path = PhotoObject.h; sourceTree = "<group>"; };
		3C98FB5E1E39285100C27788 /* PhotoObject.m */ = {isa = PBXFileReference; fileEncoding = 4; lastKnownFileType = sourcecode.c.objc; path = PhotoObject.m; sourceTree = "<group>"; };
		3C98FB601E39292800C27788 /* Manager.h */ = {isa = PBXFileReference; fileEncoding = 4; lastKnownFileType = sourcecode.c.h; path = Manager.h; sourceTree = "<group>"; };
		3C98FB611E39292800C27788 /* Manager.m */ = {isa = PBXFileReference; fileEncoding = 4; lastKnownFileType = sourcecode.c.objc; path = Manager.m; sourceTree = "<group>"; };
/* End PBXFileReference section */

/* Begin PBXFrameworksBuildPhase section */
		3C98FB3A1E39207C00C27788 /* Frameworks */ = {
			isa = PBXFrameworksBuildPhase;
			buildActionMask = 2147483647;
			files = (
			);
			runOnlyForDeploymentPostprocessing = 0;
		};
/* End PBXFrameworksBuildPhase section */

/* Begin PBXGroup section */
		3C98FB341E39207C00C27788 = {
			isa = PBXGroup;
			children = (
				3C98FB3F1E39207C00C27788 /* InstaKilo */,
				3C98FB3E1E39207C00C27788 /* Products */,
			);
			sourceTree = "<group>";
		};
		3C98FB3E1E39207C00C27788 /* Products */ = {
			isa = PBXGroup;
			children = (
				3C98FB3D1E39207C00C27788 /* InstaKilo.app */,
			);
			name = Products;
			sourceTree = "<group>";
		};
		3C98FB3F1E39207C00C27788 /* InstaKilo */ = {
			isa = PBXGroup;
			children = (
				7748FF151E9C275000B06366 /* Model */,
				7748FF161E9C277100B06366 /* View */,
				7748FF171E9C27C500B06366 /* Controller */,
				3C98FB401E39207C00C27788 /* Supporting Files */,
			);
			path = InstaKilo;
			sourceTree = "<group>";
		};
		3C98FB401E39207C00C27788 /* Supporting Files */ = {
			isa = PBXGroup;
			children = (
				3C98FB4C1E39207D00C27788 /* Assets.xcassets */,
				3C98FB511E39207D00C27788 /* Info.plist */,
				3C98FB431E39207C00C27788 /* AppDelegate.h */,
				3C98FB441E39207C00C27788 /* AppDelegate.m */,
				3C98FB411E39207C00C27788 /* main.m */,
				3C98FB4E1E39207D00C27788 /* LaunchScreen.storyboard */,
			);
			name = "Supporting Files";
			sourceTree = "<group>";
		};
		7748FF151E9C275000B06366 /* Model */ = {
			isa = PBXGroup;
			children = (
				3C98FB601E39292800C27788 /* Manager.h */,
				3C98FB611E39292800C27788 /* Manager.m */,
				3C98FB5D1E39285100C27788 /* PhotoObject.h */,
				3C98FB5E1E39285100C27788 /* PhotoObject.m */,
				3C1FDFCA1E39615300DA6CF1 /* LocationObject.h */,
				3C1FDFCB1E39615300DA6CF1 /* LocationObject.m */,
				3C1FDFCD1E39615D00DA6CF1 /* CategoryObject.h */,
				3C1FDFCE1E39615D00DA6CF1 /* CategoryObject.m */,
			);
			name = Model;
			sourceTree = "<group>";
		};
		7748FF161E9C277100B06366 /* View */ = {
			isa = PBXGroup;
			children = (
				3C98FB491E39207D00C27788 /* Main.storyboard */,
			);
			name = View;
			sourceTree = "<group>";
		};
		7748FF171E9C27C500B06366 /* Controller */ = {
			isa = PBXGroup;
			children = (
				3C98FB5A1E3922F100C27788 /* CollectionViewController.h */,
				3C98FB5B1E3922F100C27788 /* CollectionViewController.m */,
				3C98FB571E3922AE00C27788 /* CollectionViewCell.h */,
				3C98FB581E3922AE00C27788 /* CollectionViewCell.m */,
				3C0B3A431E3BD756001146B3 /* HeaderCollectionReusableView.h */,
				3C0B3A441E3BD756001146B3 /* HeaderCollectionReusableView.m */,
			);
			name = Controller;
			sourceTree = "<group>";
		};
/* End PBXGroup section */

/* Begin PBXNativeTarget section */
		3C98FB3C1E39207C00C27788 /* InstaKilo */ = {
			isa = PBXNativeTarget;
			buildConfigurationList = 3C98FB541E39207D00C27788 /* Build configuration list for PBXNativeTarget "InstaKilo" */;
			buildPhases = (
				3C98FB391E39207C00C27788 /* Sources */,
				3C98FB3A1E39207C00C27788 /* Frameworks */,
				3C98FB3B1E39207C00C27788 /* Resources */,
			);
			buildRules = (
			);
			dependencies = (
			);
			name = InstaKilo;
			productName = InstaKilo;
			productReference = 3C98FB3D1E39207C00C27788 /* InstaKilo.app */;
			productType = "com.apple.product-type.application";
		};
/* End PBXNativeTarget section */

/* Begin PBXProject section */
		3C98FB351E39207C00C27788 /* Project object */ = {
			isa = PBXProject;
			attributes = {
				LastUpgradeCheck = 0820;
				ORGANIZATIONNAME = Jonescr;
				TargetAttributes = {
					3C98FB3C1E39207C00C27788 = {
						CreatedOnToolsVersion = 8.2.1;
						ProvisioningStyle = Automatic;
					};
				};
			};
			buildConfigurationList = 3C98FB381E39207C00C27788 /* Build configuration list for PBXProject "InstaKilo" */;
			compatibilityVersion = "Xcode 3.2";
			developmentRegion = English;
			hasScannedForEncodings = 0;
			knownRegions = (
				en,
				Base,
			);
			mainGroup = 3C98FB341E39207C00C27788;
			productRefGroup = 3C98FB3E1E39207C00C27788 /* Products */;
			projectDirPath = "";
			projectRoot = "";
			targets = (
				3C98FB3C1E39207C00C27788 /* InstaKilo */,
			);
		};
/* End PBXProject section */

/* Begin PBXResourcesBuildPhase section */
		3C98FB3B1E39207C00C27788 /* Resources */ = {
			isa = PBXResourcesBuildPhase;
			buildActionMask = 2147483647;
			files = (
				3C98FB501E39207D00C27788 /* LaunchScreen.storyboard in Resources */,
				3C98FB4D1E39207D00C27788 /* Assets.xcassets in Resources */,
				3C98FB4B1E39207D00C27788 /* Main.storyboard in Resources */,
			);
			runOnlyForDeploymentPostprocessing = 0;
		};
/* End PBXResourcesBuildPhase section */

/* Begin PBXSourcesBuildPhase section */
		3C98FB391E39207C00C27788 /* Sources */ = {
			isa = PBXSourcesBuildPhase;
			buildActionMask = 2147483647;
			files = (
				3C0B3A451E3BD756001146B3 /* HeaderCollectionReusableView.m in Sources */,
				3C1FDFCF1E39615D00DA6CF1 /* CategoryObject.m in Sources */,
				3C1FDFCC1E39615300DA6CF1 /* LocationObject.m in Sources */,
				3C98FB5F1E39285100C27788 /* PhotoObject.m in Sources */,
				3C98FB5C1E3922F100C27788 /* CollectionViewController.m in Sources */,
				3C98FB591E3922AE00C27788 /* CollectionViewCell.m in Sources */,
				3C98FB451E39207C00C27788 /* AppDelegate.m in Sources */,
				3C98FB621E39292800C27788 /* Manager.m in Sources */,
				3C98FB421E39207C00C27788 /* main.m in Sources */,
			);
			runOnlyForDeploymentPostprocessing = 0;
		};
/* End PBXSourcesBuildPhase section */

/* Begin PBXVariantGroup section */
		3C98FB491E39207D00C27788 /* Main.storyboard */ = {
			isa = PBXVariantGroup;
			children = (
				3C98FB4A1E39207D00C27788 /* Base */,
			);
			name = Main.storyboard;
			sourceTree = "<group>";
		};
		3C98FB4E1E39207D00C27788 /* LaunchScreen.storyboard */ = {
			isa = PBXVariantGroup;
			children = (
				3C98FB4F1E39207D00C27788 /* Base */,
			);
			name = LaunchScreen.storyboard;
			sourceTree = "<group>";
		};
/* End PBXVariantGroup section */

/* Begin XCBuildConfiguration section */
		3C98FB521E39207D00C27788 /* Debug */ = {
			isa = XCBuildConfiguration;
			buildSettings = {
				ALWAYS_SEARCH_USER_PATHS = NO;
				CLANG_ANALYZER_NONNULL = YES;
				CLANG_CXX_LANGUAGE_STANDARD = "gnu++0x";
				CLANG_CXX_LIBRARY = "libc++";
				CLANG_ENABLE_MODULES = YES;
				CLANG_ENABLE_OBJC_ARC = YES;
				CLANG_WARN_BOOL_CONVERSION = YES;
				CLANG_WARN_CONSTANT_CONVERSION = YES;
				CLANG_WARN_DIRECT_OBJC_ISA_USAGE = YES_ERROR;
				CLANG_WARN_DOCUMENTATION_COMMENTS = YES;
				CLANG_WARN_EMPTY_BODY = YES;
				CLANG_WARN_ENUM_CONVERSION = YES;
				CLANG_WARN_INFINITE_RECURSION = YES;
				CLANG_WARN_INT_CONVERSION = YES;
				CLANG_WARN_OBJC_ROOT_CLASS = YES_ERROR;
				CLANG_WARN_SUSPICIOUS_MOVE = YES;
				CLANG_WARN_UNREACHABLE_CODE = YES;
				CLANG_WARN__DUPLICATE_METHOD_MATCH = YES;
				"CODE_SIGN_IDENTITY[sdk=iphoneos*]" = "iPhone Developer";
				COPY_PHASE_STRIP = NO;
				DEBUG_INFORMATION_FORMAT = dwarf;
				ENABLE_STRICT_OBJC_MSGSEND = YES;
				ENABLE_TESTABILITY = YES;
				GCC_C_LANGUAGE_STANDARD = gnu99;
				GCC_DYNAMIC_NO_PIC = NO;
				GCC_NO_COMMON_BLOCKS = YES;
				GCC_OPTIMIZATION_LEVEL = 0;
				GCC_PREPROCESSOR_DEFINITIONS = (
					"DEBUG=1",
					"$(inherited)",
				);
				GCC_WARN_64_TO_32_BIT_CONVERSION = YES;
				GCC_WARN_ABOUT_RETURN_TYPE = YES_ERROR;
				GCC_WARN_UNDECLARED_SELECTOR = YES;
				GCC_WARN_UNINITIALIZED_AUTOS = YES_AGGRESSIVE;
				GCC_WARN_UNUSED_FUNCTION = YES;
				GCC_WARN_UNUSED_VARIABLE = YES;
				IPHONEOS_DEPLOYMENT_TARGET = 10.2;
				MTL_ENABLE_DEBUG_INFO = YES;
				ONLY_ACTIVE_ARCH = YES;
				SDKROOT = iphoneos;
			};
			name = Debug;
		};
		3C98FB531E39207D00C27788 /* Release */ = {
			isa = XCBuildConfiguration;
			buildSettings = {
				ALWAYS_SEARCH_USER_PATHS = NO;
				CLANG_ANALYZER_NONNULL = YES;
				CLANG_CXX_LANGUAGE_STANDARD = "gnu++0x";
				CLANG_CXX_LIBRARY = "libc++";
				CLANG_ENABLE_MODULES = YES;
				CLANG_ENABLE_OBJC_ARC = YES;
				CLANG_WARN_BOOL_CONVERSION = YES;
				CLANG_WARN_CONSTANT_CONVERSION = YES;
				CLANG_WARN_DIRECT_OBJC_ISA_USAGE = YES_ERROR;
				CLANG_WARN_DOCUMENTATION_COMMENTS = YES;
				CLANG_WARN_EMPTY_BODY = YES;
				CLANG_WARN_ENUM_CONVERSION = YES;
				CLANG_WARN_INFINITE_RECURSION = YES;
				CLANG_WARN_INT_CONVERSION = YES;
				CLANG_WARN_OBJC_ROOT_CLASS = YES_ERROR;
				CLANG_WARN_SUSPICIOUS_MOVE = YES;
				CLANG_WARN_UNREACHABLE_CODE = YES;
				CLANG_WARN__DUPLICATE_METHOD_MATCH = YES;
				"CODE_SIGN_IDENTITY[sdk=iphoneos*]" = "iPhone Developer";
				COPY_PHASE_STRIP = NO;
				DEBUG_INFORMATION_FORMAT = "dwarf-with-dsym";
				ENABLE_NS_ASSERTIONS = NO;
				ENABLE_STRICT_OBJC_MSGSEND = YES;
				GCC_C_LANGUAGE_STANDARD = gnu99;
				GCC_NO_COMMON_BLOCKS = YES;
				GCC_WARN_64_TO_32_BIT_CONVERSION = YES;
				GCC_WARN_ABOUT_RETURN_TYPE = YES_ERROR;
				GCC_WARN_UNDECLARED_SELECTOR = YES;
				GCC_WARN_UNINITIALIZED_AUTOS = YES_AGGRESSIVE;
				GCC_WARN_UNUSED_FUNCTION = YES;
				GCC_WARN_UNUSED_VARIABLE = YES;
				IPHONEOS_DEPLOYMENT_TARGET = 10.2;
				MTL_ENABLE_DEBUG_INFO = NO;
				SDKROOT = iphoneos;
				VALIDATE_PRODUCT = YES;
			};
			name = Release;
		};
		3C98FB551E39207D00C27788 /* Debug */ = {
			isa = XCBuildConfiguration;
			buildSettings = {
				ASSETCATALOG_COMPILER_APPICON_NAME = AppIcon;
				INFOPLIST_FILE = InstaKilo/Info.plist;
				LD_RUNPATH_SEARCH_PATHS = "$(inherited) @executable_path/Frameworks";
				PRODUCT_BUNDLE_IDENTIFIER = CRJ.InstaKilo;
				PRODUCT_NAME = "$(TARGET_NAME)";
			};
			name = Debug;
		};
		3C98FB561E39207D00C27788 /* Release */ = {
			isa = XCBuildConfiguration;
			buildSettings = {
				ASSETCATALOG_COMPILER_APPICON_NAME = AppIcon;
				INFOPLIST_FILE = InstaKilo/Info.plist;
				LD_RUNPATH_SEARCH_PATHS = "$(inherited) @executable_path/Frameworks";
				PRODUCT_BUNDLE_IDENTIFIER = CRJ.InstaKilo;
				PRODUCT_NAME = "$(TARGET_NAME)";
			};
			name = Release;
		};
/* End XCBuildConfiguration section */

/* Begin XCConfigurationList section */
		3C98FB381E39207C00C27788 /* Build configuration list for PBXProject "InstaKilo" */ = {
			isa = XCConfigurationList;
			buildConfigurations = (
				3C98FB521E39207D00C27788 /* Debug */,
				3C98FB531E39207D00C27788 /* Release */,
			);
			defaultConfigurationIsVisible = 0;
			defaultConfigurationName = Release;
		};
		3C98FB541E39207D00C27788 /* Build configuration list for PBXNativeTarget "InstaKilo" */ = {
			isa = XCConfigurationList;
			buildConfigurations = (
				3C98FB551E39207D00C27788 /* Debug */,
				3C98FB561E39207D00C27788 /* Release */,
			);
			defaultConfigurationIsVisible = 0;
			defaultConfigurationName = Release;
		};
/* End XCConfigurationList section */
	};
	rootObject = 3C98FB351E39207C00C27788 /* Project object */;
}
